// !$*UTF8*$!
{
	archiveVersion = 1;
	classes = {
	};
	objectVersion = 50;
	objects = {

/* Begin PBXBuildFile section */
		77A5BB0421091B4600BFC30A /* AppDelegate.swift in Sources */ = {isa = PBXBuildFile; fileRef = 77A5BB0321091B4600BFC30A /* AppDelegate.swift */; };
		77A5BB0621091B4600BFC30A /* TodolistViewController.swift in Sources */ = {isa = PBXBuildFile; fileRef = 77A5BB0521091B4600BFC30A /* TodolistViewController.swift */; };
		77A5BB0921091B4600BFC30A /* Main.storyboard in Resources */ = {isa = PBXBuildFile; fileRef = 77A5BB0721091B4600BFC30A /* Main.storyboard */; };
		77A5BB0B21091B4C00BFC30A /* Assets.xcassets in Resources */ = {isa = PBXBuildFile; fileRef = 77A5BB0A21091B4C00BFC30A /* Assets.xcassets */; };
		77A5BB0E21091B4C00BFC30A /* LaunchScreen.storyboard in Resources */ = {isa = PBXBuildFile; fileRef = 77A5BB0C21091B4C00BFC30A /* LaunchScreen.storyboard */; };
		77B7EE59210F29C20063F143 /* Item.swift in Sources */ = {isa = PBXBuildFile; fileRef = 77B7EE58210F29C20063F143 /* Item.swift */; };
		77B7EE5B210F29CB0063F143 /* Category.swift in Sources */ = {isa = PBXBuildFile; fileRef = 77B7EE5A210F29CB0063F143 /* Category.swift */; };
		77FB1928210DCDE600549038 /* CategoryViewController.swift in Sources */ = {isa = PBXBuildFile; fileRef = 77FB1927210DCDE600549038 /* CategoryViewController.swift */; };
		EE04FEF48ED3627E78214620 /* Pods_Todoey.framework in Frameworks */ = {isa = PBXBuildFile; fileRef = 26BBCFFFAA1376DAB367FE3B /* Pods_Todoey.framework */; };
/* End PBXBuildFile section */

/* Begin PBXFileReference section */
		26BBCFFFAA1376DAB367FE3B /* Pods_Todoey.framework */ = {isa = PBXFileReference; explicitFileType = wrapper.framework; includeInIndex = 0; path = Pods_Todoey.framework; sourceTree = BUILT_PRODUCTS_DIR; };
		40CFAD3164CD3CDE906C5AAB /* Pods-Todoey.release.xcconfig */ = {isa = PBXFileReference; includeInIndex = 1; lastKnownFileType = text.xcconfig; name = "Pods-Todoey.release.xcconfig"; path = "Pods/Target Support Files/Pods-Todoey/Pods-Todoey.release.xcconfig"; sourceTree = "<group>"; };
		4AC13529CA64C90B707B8DD1 /* Pods-Todoey.debug.xcconfig */ = {isa = PBXFileReference; includeInIndex = 1; lastKnownFileType = text.xcconfig; name = "Pods-Todoey.debug.xcconfig"; path = "Pods/Target Support Files/Pods-Todoey/Pods-Todoey.debug.xcconfig"; sourceTree = "<group>"; };
		77A5BB0021091B4600BFC30A /* Todoey.app */ = {isa = PBXFileReference; explicitFileType = wrapper.application; includeInIndex = 0; path = Todoey.app; sourceTree = BUILT_PRODUCTS_DIR; };
		77A5BB0321091B4600BFC30A /* AppDelegate.swift */ = {isa = PBXFileReference; lastKnownFileType = sourcecode.swift; path = AppDelegate.swift; sourceTree = "<group>"; };
		77A5BB0521091B4600BFC30A /* TodolistViewController.swift */ = {isa = PBXFileReference; lastKnownFileType = sourcecode.swift; path = TodolistViewController.swift; sourceTree = "<group>"; };
		77A5BB0821091B4600BFC30A /* Base */ = {isa = PBXFileReference; lastKnownFileType = file.storyboard; name = Base; path = Base.lproj/Main.storyboard; sourceTree = "<group>"; };
		77A5BB0A21091B4C00BFC30A /* Assets.xcassets */ = {isa = PBXFileReference; lastKnownFileType = folder.assetcatalog; path = Assets.xcassets; sourceTree = "<group>"; };
		77A5BB0D21091B4C00BFC30A /* Base */ = {isa = PBXFileReference; lastKnownFileType = file.storyboard; name = Base; path = Base.lproj/LaunchScreen.storyboard; sourceTree = "<group>"; };
		77A5BB0F21091B4C00BFC30A /* Info.plist */ = {isa = PBXFileReference; lastKnownFileType = text.plist.xml; path = Info.plist; sourceTree = "<group>"; };
		77B7EE58210F29C20063F143 /* Item.swift */ = {isa = PBXFileReference; lastKnownFileType = sourcecode.swift; path = Item.swift; sourceTree = "<group>"; };
		77B7EE5A210F29CB0063F143 /* Category.swift */ = {isa = PBXFileReference; lastKnownFileType = sourcecode.swift; path = Category.swift; sourceTree = "<group>"; };
		77FB1927210DCDE600549038 /* CategoryViewController.swift */ = {isa = PBXFileReference; lastKnownFileType = sourcecode.swift; path = CategoryViewController.swift; sourceTree = "<group>"; };
/* End PBXFileReference section */

/* Begin PBXFrameworksBuildPhase section */
		77A5BAFD21091B4500BFC30A /* Frameworks */ = {
			isa = PBXFrameworksBuildPhase;
			buildActionMask = 2147483647;
			files = (
				EE04FEF48ED3627E78214620 /* Pods_Todoey.framework in Frameworks */,
			);
			runOnlyForDeploymentPostprocessing = 0;
		};
/* End PBXFrameworksBuildPhase section */

/* Begin PBXGroup section */
		272CFAE20BBCC5C96ADE4993 /* Pods */ = {
			isa = PBXGroup;
			children = (
				4AC13529CA64C90B707B8DD1 /* Pods-Todoey.debug.xcconfig */,
				40CFAD3164CD3CDE906C5AAB /* Pods-Todoey.release.xcconfig */,
			);
			name = Pods;
			sourceTree = "<group>";
		};
		6E43963C5DB12427363086EF /* Frameworks */ = {
			isa = PBXGroup;
			children = (
				26BBCFFFAA1376DAB367FE3B /* Pods_Todoey.framework */,
			);
			name = Frameworks;
			sourceTree = "<group>";
		};
		77A5BAF721091B4500BFC30A = {
			isa = PBXGroup;
			children = (
				77A5BB0221091B4600BFC30A /* Todoey */,
				77A5BB0121091B4600BFC30A /* Products */,
				272CFAE20BBCC5C96ADE4993 /* Pods */,
				6E43963C5DB12427363086EF /* Frameworks */,
			);
			sourceTree = "<group>";
		};
		77A5BB0121091B4600BFC30A /* Products */ = {
			isa = PBXGroup;
			children = (
				77A5BB0021091B4600BFC30A /* Todoey.app */,
			);
			name = Products;
			sourceTree = "<group>";
		};
		77A5BB0221091B4600BFC30A /* Todoey */ = {
			isa = PBXGroup;
			children = (
				77A5BB0321091B4600BFC30A /* AppDelegate.swift */,
				77FB18FC210B08FF00549038 /* Controllers */,
				77FB18FB210B08DA00549038 /* Data Model */,
				77FB18FD210B090E00549038 /* Views */,
				77FB18FE210B092F00549038 /* Supporting Files */,
				77A5BB0F21091B4C00BFC30A /* Info.plist */,
			);
			path = Todoey;
			sourceTree = "<group>";
		};
		77FB18FB210B08DA00549038 /* Data Model */ = {
			isa = PBXGroup;
			children = (
				77B7EE5A210F29CB0063F143 /* Category.swift */,
				77B7EE58210F29C20063F143 /* Item.swift */,
			);
			path = "Data Model";
			sourceTree = "<group>";
		};
		77FB18FC210B08FF00549038 /* Controllers */ = {
			isa = PBXGroup;
			children = (
				77FB1927210DCDE600549038 /* CategoryViewController.swift */,
				77A5BB0521091B4600BFC30A /* TodolistViewController.swift */,
			);
			path = Controllers;
			sourceTree = "<group>";
		};
		77FB18FD210B090E00549038 /* Views */ = {
			isa = PBXGroup;
			children = (
				77A5BB0721091B4600BFC30A /* Main.storyboard */,
			);
			path = Views;
			sourceTree = "<group>";
		};
		77FB18FE210B092F00549038 /* Supporting Files */ = {
			isa = PBXGroup;
			children = (
				77A5BB0A21091B4C00BFC30A /* Assets.xcassets */,
				77A5BB0C21091B4C00BFC30A /* LaunchScreen.storyboard */,
			);
			path = "Supporting Files";
			sourceTree = "<group>";
		};
/* End PBXGroup section */

/* Begin PBXNativeTarget section */
		77A5BAFF21091B4500BFC30A /* Todoey */ = {
			isa = PBXNativeTarget;
			buildConfigurationList = 77A5BB1221091B4C00BFC30A /* Build configuration list for PBXNativeTarget "Todoey" */;
			buildPhases = (
				335D1BE4E1CE3D50398E8EFE /* [CP] Check Pods Manifest.lock */,
				77A5BAFC21091B4500BFC30A /* Sources */,
				77A5BAFD21091B4500BFC30A /* Frameworks */,
				77A5BAFE21091B4500BFC30A /* Resources */,
				72A646CC240F62F18BCC0444 /* [CP] Embed Pods Frameworks */,
			);
			buildRules = (
			);
			dependencies = (
			);
			name = Todoey;
			productName = Todoey;
			productReference = 77A5BB0021091B4600BFC30A /* Todoey.app */;
			productType = "com.apple.product-type.application";
		};
/* End PBXNativeTarget section */

/* Begin PBXProject section */
		77A5BAF821091B4500BFC30A /* Project object */ = {
			isa = PBXProject;
			attributes = {
				LastSwiftUpdateCheck = 0940;
				LastUpgradeCheck = 0940;
				ORGANIZATIONNAME = "Hussain Radhi";
				TargetAttributes = {
					77A5BAFF21091B4500BFC30A = {
						CreatedOnToolsVersion = 9.4.1;
					};
				};
			};
			buildConfigurationList = 77A5BAFB21091B4500BFC30A /* Build configuration list for PBXProject "Todoey" */;
			compatibilityVersion = "Xcode 9.3";
			developmentRegion = en;
			hasScannedForEncodings = 0;
			knownRegions = (
				en,
				Base,
			);
			mainGroup = 77A5BAF721091B4500BFC30A;
			productRefGroup = 77A5BB0121091B4600BFC30A /* Products */;
			projectDirPath = "";
			projectRoot = "";
			targets = (
				77A5BAFF21091B4500BFC30A /* Todoey */,
			);
		};
/* End PBXProject section */

/* Begin PBXResourcesBuildPhase section */
		77A5BAFE21091B4500BFC30A /* Resources */ = {
			isa = PBXResourcesBuildPhase;
			buildActionMask = 2147483647;
			files = (
				77A5BB0E21091B4C00BFC30A /* LaunchScreen.storyboard in Resources */,
				77A5BB0B21091B4C00BFC30A /* Assets.xcassets in Resources */,
				77A5BB0921091B4600BFC30A /* Main.storyboard in Resources */,
			);
			runOnlyForDeploymentPostprocessing = 0;
		};
/* End PBXResourcesBuildPhase section */

/* Begin PBXShellScriptBuildPhase section */
		335D1BE4E1CE3D50398E8EFE /* [CP] Check Pods Manifest.lock */ = {
			isa = PBXShellScriptBuildPhase;
			buildActionMask = 2147483647;
			files = (
			);
			inputPaths = (
				"${PODS_PODFILE_DIR_PATH}/Podfile.lock",
				"${PODS_ROOT}/Manifest.lock",
			);
			name = "[CP] Check Pods Manifest.lock";
			outputPaths = (
				"$(DERIVED_FILE_DIR)/Pods-Todoey-checkManifestLockResult.txt",
			);
			runOnlyForDeploymentPostprocessing = 0;
			shellPath = /bin/sh;
			shellScript = "diff \"${PODS_PODFILE_DIR_PATH}/Podfile.lock\" \"${PODS_ROOT}/Manifest.lock\" > /dev/null\nif [ $? != 0 ] ; then\n    # print error to STDERR\n    echo \"error: The sandbox is not in sync with the Podfile.lock. Run 'pod install' or update your CocoaPods installation.\" >&2\n    exit 1\nfi\n# This output is used by Xcode 'outputs' to avoid re-running this script phase.\necho \"SUCCESS\" > \"${SCRIPT_OUTPUT_FILE_0}\"\n";
			showEnvVarsInLog = 0;
		};
		72A646CC240F62F18BCC0444 /* [CP] Embed Pods Frameworks */ = {
			isa = PBXShellScriptBuildPhase;
			buildActionMask = 2147483647;
			files = (
			);
			inputPaths = (
				"${SRCROOT}/Pods/Target Support Files/Pods-Todoey/Pods-Todoey-frameworks.sh",
				"${BUILT_PRODUCTS_DIR}/Realm/Realm.framework",
				"${BUILT_PRODUCTS_DIR}/RealmSwift/RealmSwift.framework",
			);
			name = "[CP] Embed Pods Frameworks";
			outputPaths = (
				"${TARGET_BUILD_DIR}/${FRAMEWORKS_FOLDER_PATH}/Realm.framework",
				"${TARGET_BUILD_DIR}/${FRAMEWORKS_FOLDER_PATH}/RealmSwift.framework",
			);
			runOnlyForDeploymentPostprocessing = 0;
			shellPath = /bin/sh;
			shellScript = "\"${SRCROOT}/Pods/Target Support Files/Pods-Todoey/Pods-Todoey-frameworks.sh\"\n";
			showEnvVarsInLog = 0;
		};
/* End PBXShellScriptBuildPhase section */

/* Begin PBXSourcesBuildPhase section */
		77A5BAFC21091B4500BFC30A /* Sources */ = {
			isa = PBXSourcesBuildPhase;
			buildActionMask = 2147483647;
			files = (
				77B7EE59210F29C20063F143 /* Item.swift in Sources */,
				77FB1928210DCDE600549038 /* CategoryViewController.swift in Sources */,
				77A5BB0621091B4600BFC30A /* TodolistViewController.swift in Sources */,
				77A5BB0421091B4600BFC30A /* AppDelegate.swift in Sources */,
				77B7EE5B210F29CB0063F143 /* Category.swift in Sources */,
			);
			runOnlyForDeploymentPostprocessing = 0;
		};
/* End PBXSourcesBuildPhase section */

/* Begin PBXVariantGroup section */
		77A5BB0721091B4600BFC30A /* Main.storyboard */ = {
			isa = PBXVariantGroup;
			children = (
				77A5BB0821091B4600BFC30A /* Base */,
			);
			name = Main.storyboard;
			sourceTree = "<group>";
		};
		77A5BB0C21091B4C00BFC30A /* LaunchScreen.storyboard */ = {
			isa = PBXVariantGroup;
			children = (
				77A5BB0D21091B4C00BFC30A /* Base */,
			);
			name = LaunchScreen.storyboard;
			sourceTree = "<group>";
		};
/* End PBXVariantGroup section */

/* Begin XCBuildConfiguration section */
		77A5BB1021091B4C00BFC30A /* Debug */ = {
			isa = XCBuildConfiguration;
			buildSettings = {
				ALWAYS_SEARCH_USER_PATHS = NO;
				CLANG_ANALYZER_NONNULL = YES;
				CLANG_ANALYZER_NUMBER_OBJECT_CONVERSION = YES_AGGRESSIVE;
				CLANG_CXX_LANGUAGE_STANDARD = "gnu++14";
				CLANG_CXX_LIBRARY = "libc++";
				CLANG_ENABLE_MODULES = YES;
				CLANG_ENABLE_OBJC_ARC = YES;
				CLANG_ENABLE_OBJC_WEAK = YES;
				CLANG_WARN_BLOCK_CAPTURE_AUTORELEASING = YES;
				CLANG_WARN_BOOL_CONVERSION = YES;
				CLANG_WARN_COMMA = YES;
				CLANG_WARN_CONSTANT_CONVERSION = YES;
				CLANG_WARN_DEPRECATED_OBJC_IMPLEMENTATIONS = YES;
				CLANG_WARN_DIRECT_OBJC_ISA_USAGE = YES_ERROR;
				CLANG_WARN_DOCUMENTATION_COMMENTS = YES;
				CLANG_WARN_EMPTY_BODY = YES;
				CLANG_WARN_ENUM_CONVERSION = YES;
				CLANG_WARN_INFINITE_RECURSION = YES;
				CLANG_WARN_INT_CONVERSION = YES;
				CLANG_WARN_NON_LITERAL_NULL_CONVERSION = YES;
				CLANG_WARN_OBJC_IMPLICIT_RETAIN_SELF = YES;
				CLANG_WARN_OBJC_LITERAL_CONVERSION = YES;
				CLANG_WARN_OBJC_ROOT_CLASS = YES_ERROR;
				CLANG_WARN_RANGE_LOOP_ANALYSIS = YES;
				CLANG_WARN_STRICT_PROTOTYPES = YES;
				CLANG_WARN_SUSPICIOUS_MOVE = YES;
				CLANG_WARN_UNGUARDED_AVAILABILITY = YES_AGGRESSIVE;
				CLANG_WARN_UNREACHABLE_CODE = YES;
				CLANG_WARN__DUPLICATE_METHOD_MATCH = YES;
				CODE_SIGN_IDENTITY = "iPhone Developer";
				COPY_PHASE_STRIP = NO;
				DEBUG_INFORMATION_FORMAT = dwarf;
				ENABLE_STRICT_OBJC_MSGSEND = YES;
				ENABLE_TESTABILITY = YES;
				GCC_C_LANGUAGE_STANDARD = gnu11;
				GCC_DYNAMIC_NO_PIC = NO;
				GCC_NO_COMMON_BLOCKS = YES;
				GCC_OPTIMIZATION_LEVEL = 0;
				GCC_PREPROCESSOR_DEFINITIONS = (
					"DEBUG=1",
					"$(inherited)",
				);
				GCC_WARN_64_TO_32_BIT_CONVERSION = YES;
				GCC_WARN_ABOUT_RETURN_TYPE = YES_ERROR;
				GCC_WARN_UNDECLARED_SELECTOR = YES;
				GCC_WARN_UNINITIALIZED_AUTOS = YES_AGGRESSIVE;
				GCC_WARN_UNUSED_FUNCTION = YES;
				GCC_WARN_UNUSED_VARIABLE = YES;
				IPHONEOS_DEPLOYMENT_TARGET = 11.4;
				MTL_ENABLE_DEBUG_INFO = YES;
				ONLY_ACTIVE_ARCH = YES;
				SDKROOT = iphoneos;
				SWIFT_ACTIVE_COMPILATION_CONDITIONS = DEBUG;
				SWIFT_OPTIMIZATION_LEVEL = "-Onone";
			};
			name = Debug;
		};
		77A5BB1121091B4C00BFC30A /* Release */ = {
			isa = XCBuildConfiguration;
			buildSettings = {
				ALWAYS_SEARCH_USER_PATHS = NO;
				CLANG_ANALYZER_NONNULL = YES;
				CLANG_ANALYZER_NUMBER_OBJECT_CONVERSION = YES_AGGRESSIVE;
				CLANG_CXX_LANGUAGE_STANDARD = "gnu++14";
				CLANG_CXX_LIBRARY = "libc++";
				CLANG_ENABLE_MODULES = YES;
				CLANG_ENABLE_OBJC_ARC = YES;
				CLANG_ENABLE_OBJC_WEAK = YES;
				CLANG_WARN_BLOCK_CAPTURE_AUTORELEASING = YES;
				CLANG_WARN_BOOL_CONVERSION = YES;
				CLANG_WARN_COMMA = YES;
				CLANG_WARN_CONSTANT_CONVERSION = YES;
				CLANG_WARN_DEPRECATED_OBJC_IMPLEMENTATIONS = YES;
				CLANG_WARN_DIRECT_OBJC_ISA_USAGE = YES_ERROR;
				CLANG_WARN_DOCUMENTATION_COMMENTS = YES;
				CLANG_WARN_EMPTY_BODY = YES;
				CLANG_WARN_ENUM_CONVERSION = YES;
				CLANG_WARN_INFINITE_RECURSION = YES;
				CLANG_WARN_INT_CONVERSION = YES;
				CLANG_WARN_NON_LITERAL_NULL_CONVERSION = YES;
				CLANG_WARN_OBJC_IMPLICIT_RETAIN_SELF = YES;
				CLANG_WARN_OBJC_LITERAL_CONVERSION = YES;
				CLANG_WARN_OBJC_ROOT_CLASS = YES_ERROR;
				CLANG_WARN_RANGE_LOOP_ANALYSIS = YES;
				CLANG_WARN_STRICT_PROTOTYPES = YES;
				CLANG_WARN_SUSPICIOUS_MOVE = YES;
				CLANG_WARN_UNGUARDED_AVAILABILITY = YES_AGGRESSIVE;
				CLANG_WARN_UNREACHABLE_CODE = YES;
				CLANG_WARN__DUPLICATE_METHOD_MATCH = YES;
				CODE_SIGN_IDENTITY = "iPhone Developer";
				COPY_PHASE_STRIP = NO;
				DEBUG_INFORMATION_FORMAT = "dwarf-with-dsym";
				ENABLE_NS_ASSERTIONS = NO;
				ENABLE_STRICT_OBJC_MSGSEND = YES;
				GCC_C_LANGUAGE_STANDARD = gnu11;
				GCC_NO_COMMON_BLOCKS = YES;
				GCC_WARN_64_TO_32_BIT_CONVERSION = YES;
				GCC_WARN_ABOUT_RETURN_TYPE = YES_ERROR;
				GCC_WARN_UNDECLARED_SELECTOR = YES;
				GCC_WARN_UNINITIALIZED_AUTOS = YES_AGGRESSIVE;
				GCC_WARN_UNUSED_FUNCTION = YES;
				GCC_WARN_UNUSED_VARIABLE = YES;
				IPHONEOS_DEPLOYMENT_TARGET = 11.4;
				MTL_ENABLE_DEBUG_INFO = NO;
				SDKROOT = iphoneos;
				SWIFT_COMPILATION_MODE = wholemodule;
				SWIFT_OPTIMIZATION_LEVEL = "-O";
				VALIDATE_PRODUCT = YES;
			};
			name = Release;
		};
		77A5BB1321091B4C00BFC30A /* Debug */ = {
			isa = XCBuildConfiguration;
			baseConfigurationReference = 4AC13529CA64C90B707B8DD1 /* Pods-Todoey.debug.xcconfig */;
			buildSettings = {
				ASSETCATALOG_COMPILER_APPICON_NAME = AppIcon;
				CODE_SIGN_STYLE = Automatic;
				DEVELOPMENT_TEAM = Z6QQSGJ9SH;
				INFOPLIST_FILE = Todoey/Info.plist;
				LD_RUNPATH_SEARCH_PATHS = (
					"$(inherited)",
					"@executable_path/Frameworks",
				);
				PRODUCT_BUNDLE_IDENTIFIER = com.immortality00.Todoey;
				PRODUCT_NAME = "$(TARGET_NAME)";
				SWIFT_VERSION = 4.0;
				TARGETED_DEVICE_FAMILY = "1,2";
			};
			name = Debug;
		};
		77A5BB1421091B4C00BFC30A /* Release */ = {
			isa = XCBuildConfiguration;
			baseConfigurationReference = 40CFAD3164CD3CDE906C5AAB /* Pods-Todoey.release.xcconfig */;
			buildSettings = {
				ASSETCATALOG_COMPILER_APPICON_NAME = AppIcon;
				CODE_SIGN_STYLE = Automatic;
				DEVELOPMENT_TEAM = Z6QQSGJ9SH;
				INFOPLIST_FILE = Todoey/Info.plist;
				LD_RUNPATH_SEARCH_PATHS = (
					"$(inherited)",
					"@executable_path/Frameworks",
				);
				PRODUCT_BUNDLE_IDENTIFIER = com.immortality00.Todoey;
				PRODUCT_NAME = "$(TARGET_NAME)";
				SWIFT_VERSION = 4.0;
				TARGETED_DEVICE_FAMILY = "1,2";
			};
			name = Release;
		};
/* End XCBuildConfiguration section */

/* Begin XCConfigurationList section */
		77A5BAFB21091B4500BFC30A /* Build configuration list for PBXProject "Todoey" */ = {
			isa = XCConfigurationList;
			buildConfigurations = (
				77A5BB1021091B4C00BFC30A /* Debug */,
				77A5BB1121091B4C00BFC30A /* Release */,
			);
			defaultConfigurationIsVisible = 0;
			defaultConfigurationName = Release;
		};
		77A5BB1221091B4C00BFC30A /* Build configuration list for PBXNativeTarget "Todoey" */ = {
			isa = XCConfigurationList;
			buildConfigurations = (
				77A5BB1321091B4C00BFC30A /* Debug */,
				77A5BB1421091B4C00BFC30A /* Release */,
			);
			defaultConfigurationIsVisible = 0;
			defaultConfigurationName = Release;
		};
/* End XCConfigurationList section */
	};
	rootObject = 77A5BAF821091B4500BFC30A /* Project object */;
}
